// !$*UTF8*$!
{
	archiveVersion = 1;
	classes = {
	};
	objectVersion = 48;
	objects = {

/* Begin PBXBuildFile section */
		8E1B54F52073422F004CAA06 /* AppDelegate.swift in Sources */ = {isa = PBXBuildFile; fileRef = 8E1B54F42073422F004CAA06 /* AppDelegate.swift */; };
		8E1B54F72073422F004CAA06 /* ViewController.swift in Sources */ = {isa = PBXBuildFile; fileRef = 8E1B54F62073422F004CAA06 /* ViewController.swift */; };
		8E1B54FA2073422F004CAA06 /* Main.storyboard in Resources */ = {isa = PBXBuildFile; fileRef = 8E1B54F82073422F004CAA06 /* Main.storyboard */; };
		8E1B54FC2073422F004CAA06 /* Assets.xcassets in Resources */ = {isa = PBXBuildFile; fileRef = 8E1B54FB2073422F004CAA06 /* Assets.xcassets */; };
		8E1B54FF2073422F004CAA06 /* LaunchScreen.storyboard in Resources */ = {isa = PBXBuildFile; fileRef = 8E1B54FD2073422F004CAA06 /* LaunchScreen.storyboard */; };
		8E1B550A2073422F004CAA06 /* TodoSampleTests.swift in Sources */ = {isa = PBXBuildFile; fileRef = 8E1B55092073422F004CAA06 /* TodoSampleTests.swift */; };
		8E1B551520734AA8004CAA06 /* DataStore.swift in Sources */ = {isa = PBXBuildFile; fileRef = 8E1B551420734AA8004CAA06 /* DataStore.swift */; };
/* End PBXBuildFile section */

/* Begin PBXContainerItemProxy section */
		8E1B55062073422F004CAA06 /* PBXContainerItemProxy */ = {
			isa = PBXContainerItemProxy;
			containerPortal = 8E1B54E92073422E004CAA06 /* Project object */;
			proxyType = 1;
			remoteGlobalIDString = 8E1B54F02073422E004CAA06;
			remoteInfo = TodoSample;
		};
/* End PBXContainerItemProxy section */

/* Begin PBXFileReference section */
		8E1B54F12073422F004CAA06 /* TodoSample.app */ = {isa = PBXFileReference; explicitFileType = wrapper.application; includeInIndex = 0; path = TodoSample.app; sourceTree = BUILT_PRODUCTS_DIR; };
		8E1B54F42073422F004CAA06 /* AppDelegate.swift */ = {isa = PBXFileReference; lastKnownFileType = sourcecode.swift; path = AppDelegate.swift; sourceTree = "<group>"; };
		8E1B54F62073422F004CAA06 /* ViewController.swift */ = {isa = PBXFileReference; lastKnownFileType = sourcecode.swift; path = ViewController.swift; sourceTree = "<group>"; };
		8E1B54F92073422F004CAA06 /* Base */ = {isa = PBXFileReference; lastKnownFileType = file.storyboard; name = Base; path = Base.lproj/Main.storyboard; sourceTree = "<group>"; };
		8E1B54FB2073422F004CAA06 /* Assets.xcassets */ = {isa = PBXFileReference; lastKnownFileType = folder.assetcatalog; path = Assets.xcassets; sourceTree = "<group>"; };
		8E1B54FE2073422F004CAA06 /* Base */ = {isa = PBXFileReference; lastKnownFileType = file.storyboard; name = Base; path = Base.lproj/LaunchScreen.storyboard; sourceTree = "<group>"; };
		8E1B55002073422F004CAA06 /* Info.plist */ = {isa = PBXFileReference; lastKnownFileType = text.plist.xml; path = Info.plist; sourceTree = "<group>"; };
		8E1B55052073422F004CAA06 /* TodoSampleTests.xctest */ = {isa = PBXFileReference; explicitFileType = wrapper.cfbundle; includeInIndex = 0; path = TodoSampleTests.xctest; sourceTree = BUILT_PRODUCTS_DIR; };
		8E1B55092073422F004CAA06 /* TodoSampleTests.swift */ = {isa = PBXFileReference; lastKnownFileType = sourcecode.swift; path = TodoSampleTests.swift; sourceTree = "<group>"; };
		8E1B550B2073422F004CAA06 /* Info.plist */ = {isa = PBXFileReference; lastKnownFileType = text.plist.xml; path = Info.plist; sourceTree = "<group>"; };
		8E1B551420734AA8004CAA06 /* DataStore.swift */ = {isa = PBXFileReference; lastKnownFileType = sourcecode.swift; path = DataStore.swift; sourceTree = "<group>"; };
/* End PBXFileReference section */

/* Begin PBXFrameworksBuildPhase section */
		8E1B54EE2073422E004CAA06 /* Frameworks */ = {
			isa = PBXFrameworksBuildPhase;
			buildActionMask = 2147483647;
			files = (
			);
			runOnlyForDeploymentPostprocessing = 0;
		};
		8E1B55022073422F004CAA06 /* Frameworks */ = {
			isa = PBXFrameworksBuildPhase;
			buildActionMask = 2147483647;
			files = (
			);
			runOnlyForDeploymentPostprocessing = 0;
		};
/* End PBXFrameworksBuildPhase section */

/* Begin PBXGroup section */
		8E1B54E82073422E004CAA06 = {
			isa = PBXGroup;
			children = (
				8E1B54F32073422F004CAA06 /* TodoSample */,
				8E1B55082073422F004CAA06 /* TodoSampleTests */,
				8E1B54F22073422F004CAA06 /* Products */,
			);
			sourceTree = "<group>";
		};
		8E1B54F22073422F004CAA06 /* Products */ = {
			isa = PBXGroup;
			children = (
				8E1B54F12073422F004CAA06 /* TodoSample.app */,
				8E1B55052073422F004CAA06 /* TodoSampleTests.xctest */,
			);
			name = Products;
			sourceTree = "<group>";
		};
		8E1B54F32073422F004CAA06 /* TodoSample */ = {
			isa = PBXGroup;
			children = (
				8E1B54F42073422F004CAA06 /* AppDelegate.swift */,
				8E1B54F62073422F004CAA06 /* ViewController.swift */,
				8E1B551420734AA8004CAA06 /* DataStore.swift */,
				8E1B54F82073422F004CAA06 /* Main.storyboard */,
				8E1B54FB2073422F004CAA06 /* Assets.xcassets */,
				8E1B54FD2073422F004CAA06 /* LaunchScreen.storyboard */,
				8E1B55002073422F004CAA06 /* Info.plist */,
			);
			path = TodoSample;
			sourceTree = "<group>";
		};
		8E1B55082073422F004CAA06 /* TodoSampleTests */ = {
			isa = PBXGroup;
			children = (
				8E1B55092073422F004CAA06 /* TodoSampleTests.swift */,
				8E1B550B2073422F004CAA06 /* Info.plist */,
			);
			path = TodoSampleTests;
			sourceTree = "<group>";
		};
/* End PBXGroup section */

/* Begin PBXNativeTarget section */
		8E1B54F02073422E004CAA06 /* TodoSample */ = {
			isa = PBXNativeTarget;
			buildConfigurationList = 8E1B550E2073422F004CAA06 /* Build configuration list for PBXNativeTarget "TodoSample" */;
			buildPhases = (
				8E1B54ED2073422E004CAA06 /* Sources */,
				8E1B54EE2073422E004CAA06 /* Frameworks */,
				8E1B54EF2073422E004CAA06 /* Resources */,
			);
			buildRules = (
			);
			dependencies = (
			);
			name = TodoSample;
			productName = TodoSample;
			productReference = 8E1B54F12073422F004CAA06 /* TodoSample.app */;
			productType = "com.apple.product-type.application";
		};
		8E1B55042073422F004CAA06 /* TodoSampleTests */ = {
			isa = PBXNativeTarget;
			buildConfigurationList = 8E1B55112073422F004CAA06 /* Build configuration list for PBXNativeTarget "TodoSampleTests" */;
			buildPhases = (
				8E1B55012073422F004CAA06 /* Sources */,
				8E1B55022073422F004CAA06 /* Frameworks */,
				8E1B55032073422F004CAA06 /* Resources */,
			);
			buildRules = (
			);
			dependencies = (
				8E1B55072073422F004CAA06 /* PBXTargetDependency */,
			);
			name = TodoSampleTests;
			productName = TodoSampleTests;
			productReference = 8E1B55052073422F004CAA06 /* TodoSampleTests.xctest */;
			productType = "com.apple.product-type.bundle.unit-test";
		};
/* End PBXNativeTarget section */

/* Begin PBXProject section */
		8E1B54E92073422E004CAA06 /* Project object */ = {
			isa = PBXProject;
			attributes = {
				LastSwiftUpdateCheck = 0920;
				LastUpgradeCheck = 0920;
				ORGANIZATIONNAME = "Tomoyuki Ito";
				TargetAttributes = {
					8E1B54F02073422E004CAA06 = {
						CreatedOnToolsVersion = 9.2;
						ProvisioningStyle = Automatic;
					};
					8E1B55042073422F004CAA06 = {
						CreatedOnToolsVersion = 9.2;
						ProvisioningStyle = Automatic;
						TestTargetID = 8E1B54F02073422E004CAA06;
					};
				};
			};
			buildConfigurationList = 8E1B54EC2073422E004CAA06 /* Build configuration list for PBXProject "TodoSample" */;
			compatibilityVersion = "Xcode 8.0";
			developmentRegion = en;
			hasScannedForEncodings = 0;
			knownRegions = (
				en,
				Base,
			);
			mainGroup = 8E1B54E82073422E004CAA06;
			productRefGroup = 8E1B54F22073422F004CAA06 /* Products */;
			projectDirPath = "";
			projectRoot = "";
			targets = (
				8E1B54F02073422E004CAA06 /* TodoSample */,
				8E1B55042073422F004CAA06 /* TodoSampleTests */,
			);
		};
/* End PBXProject section */

/* Begin PBXResourcesBuildPhase section */
		8E1B54EF2073422E004CAA06 /* Resources */ = {
			isa = PBXResourcesBuildPhase;
			buildActionMask = 2147483647;
			files = (
				8E1B54FF2073422F004CAA06 /* LaunchScreen.storyboard in Resources */,
				8E1B54FC2073422F004CAA06 /* Assets.xcassets in Resources */,
				8E1B54FA2073422F004CAA06 /* Main.storyboard in Resources */,
			);
			runOnlyForDeploymentPostprocessing = 0;
		};
		8E1B55032073422F004CAA06 /* Resources */ = {
			isa = PBXResourcesBuildPhase;
			buildActionMask = 2147483647;
			files = (
			);
			runOnlyForDeploymentPostprocessing = 0;
		};
/* End PBXResourcesBuildPhase section */

/* Begin PBXSourcesBuildPhase section */
		8E1B54ED2073422E004CAA06 /* Sources */ = {
			isa = PBXSourcesBuildPhase;
			buildActionMask = 2147483647;
			files = (
				8E1B54F72073422F004CAA06 /* ViewController.swift in Sources */,
				8E1B551520734AA8004CAA06 /* DataStore.swift in Sources */,
				8E1B54F52073422F004CAA06 /* AppDelegate.swift in Sources */,
			);
			runOnlyForDeploymentPostprocessing = 0;
		};
		8E1B55012073422F004CAA06 /* Sources */ = {
			isa = PBXSourcesBuildPhase;
			buildActionMask = 2147483647;
			files = (
				8E1B550A2073422F004CAA06 /* TodoSampleTests.swift in Sources */,
			);
			runOnlyForDeploymentPostprocessing = 0;
		};
/* End PBXSourcesBuildPhase section */

/* Begin PBXTargetDependency section */
		8E1B55072073422F004CAA06 /* PBXTargetDependency */ = {
			isa = PBXTargetDependency;
			target = 8E1B54F02073422E004CAA06 /* TodoSample */;
			targetProxy = 8E1B55062073422F004CAA06 /* PBXContainerItemProxy */;
		};
/* End PBXTargetDependency section */

/* Begin PBXVariantGroup section */
		8E1B54F82073422F004CAA06 /* Main.storyboard */ = {
			isa = PBXVariantGroup;
			children = (
				8E1B54F92073422F004CAA06 /* Base */,
			);
			name = Main.storyboard;
			sourceTree = "<group>";
		};
		8E1B54FD2073422F004CAA06 /* LaunchScreen.storyboard */ = {
			isa = PBXVariantGroup;
			children = (
				8E1B54FE2073422F004CAA06 /* Base */,
			);
			name = LaunchScreen.storyboard;
			sourceTree = "<group>";
		};
/* End PBXVariantGroup section */

/* Begin XCBuildConfiguration section */
		8E1B550C2073422F004CAA06 /* Debug */ = {
			isa = XCBuildConfiguration;
			buildSettings = {
				ALWAYS_SEARCH_USER_PATHS = NO;
				CLANG_ANALYZER_NONNULL = YES;
				CLANG_ANALYZER_NUMBER_OBJECT_CONVERSION = YES_AGGRESSIVE;
				CLANG_CXX_LANGUAGE_STANDARD = "gnu++14";
				CLANG_CXX_LIBRARY = "libc++";
				CLANG_ENABLE_MODULES = YES;
				CLANG_ENABLE_OBJC_ARC = YES;
				CLANG_WARN_BLOCK_CAPTURE_AUTORELEASING = YES;
				CLANG_WARN_BOOL_CONVERSION = YES;
				CLANG_WARN_COMMA = YES;
				CLANG_WARN_CONSTANT_CONVERSION = YES;
				CLANG_WARN_DIRECT_OBJC_ISA_USAGE = YES_ERROR;
				CLANG_WARN_DOCUMENTATION_COMMENTS = YES;
				CLANG_WARN_EMPTY_BODY = YES;
				CLANG_WARN_ENUM_CONVERSION = YES;
				CLANG_WARN_INFINITE_RECURSION = YES;
				CLANG_WARN_INT_CONVERSION = YES;
				CLANG_WARN_NON_LITERAL_NULL_CONVERSION = YES;
				CLANG_WARN_OBJC_LITERAL_CONVERSION = YES;
				CLANG_WARN_OBJC_ROOT_CLASS = YES_ERROR;
				CLANG_WARN_RANGE_LOOP_ANALYSIS = YES;
				CLANG_WARN_STRICT_PROTOTYPES = YES;
				CLANG_WARN_SUSPICIOUS_MOVE = YES;
				CLANG_WARN_UNGUARDED_AVAILABILITY = YES_AGGRESSIVE;
				CLANG_WARN_UNREACHABLE_CODE = YES;
				CLANG_WARN__DUPLICATE_METHOD_MATCH = YES;
				CODE_SIGN_IDENTITY = "iPhone Developer";
				COPY_PHASE_STRIP = NO;
				DEBUG_INFORMATION_FORMAT = dwarf;
				ENABLE_STRICT_OBJC_MSGSEND = YES;
				ENABLE_TESTABILITY = YES;
				GCC_C_LANGUAGE_STANDARD = gnu11;
				GCC_DYNAMIC_NO_PIC = NO;
				GCC_NO_COMMON_BLOCKS = YES;
				GCC_OPTIMIZATION_LEVEL = 0;
				GCC_PREPROCESSOR_DEFINITIONS = (
					"DEBUG=1",
					"$(inherited)",
				);
				GCC_WARN_64_TO_32_BIT_CONVERSION = YES;
				GCC_WARN_ABOUT_RETURN_TYPE = YES_ERROR;
				GCC_WARN_UNDECLARED_SELECTOR = YES;
				GCC_WARN_UNINITIALIZED_AUTOS = YES_AGGRESSIVE;
				GCC_WARN_UNUSED_FUNCTION = YES;
				GCC_WARN_UNUSED_VARIABLE = YES;
				IPHONEOS_DEPLOYMENT_TARGET = 11.2;
				MTL_ENABLE_DEBUG_INFO = YES;
				ONLY_ACTIVE_ARCH = YES;
				SDKROOT = iphoneos;
				SWIFT_ACTIVE_COMPILATION_CONDITIONS = DEBUG;
				SWIFT_OPTIMIZATION_LEVEL = "-Onone";
			};
			name = Debug;
		};
		8E1B550D2073422F004CAA06 /* Release */ = {
			isa = XCBuildConfiguration;
			buildSettings = {
				ALWAYS_SEARCH_USER_PATHS = NO;
				CLANG_ANALYZER_NONNULL = YES;
				CLANG_ANALYZER_NUMBER_OBJECT_CONVERSION = YES_AGGRESSIVE;
				CLANG_CXX_LANGUAGE_STANDARD = "gnu++14";
				CLANG_CXX_LIBRARY = "libc++";
				CLANG_ENABLE_MODULES = YES;
				CLANG_ENABLE_OBJC_ARC = YES;
				CLANG_WARN_BLOCK_CAPTURE_AUTORELEASING = YES;
				CLANG_WARN_BOOL_CONVERSION = YES;
				CLANG_WARN_COMMA = YES;
				CLANG_WARN_CONSTANT_CONVERSION = YES;
				CLANG_WARN_DIRECT_OBJC_ISA_USAGE = YES_ERROR;
				CLANG_WARN_DOCUMENTATION_COMMENTS = YES;
				CLANG_WARN_EMPTY_BODY = YES;
				CLANG_WARN_ENUM_CONVERSION = YES;
				CLANG_WARN_INFINITE_RECURSION = YES;
				CLANG_WARN_INT_CONVERSION = YES;
				CLANG_WARN_NON_LITERAL_NULL_CONVERSION = YES;
				CLANG_WARN_OBJC_LITERAL_CONVERSION = YES;
				CLANG_WARN_OBJC_ROOT_CLASS = YES_ERROR;
				CLANG_WARN_RANGE_LOOP_ANALYSIS = YES;
				CLANG_WARN_STRICT_PROTOTYPES = YES;
				CLANG_WARN_SUSPICIOUS_MOVE = YES;
				CLANG_WARN_UNGUARDED_AVAILABILITY = YES_AGGRESSIVE;
				CLANG_WARN_UNREACHABLE_CODE = YES;
				CLANG_WARN__DUPLICATE_METHOD_MATCH = YES;
				CODE_SIGN_IDENTITY = "iPhone Developer";
				COPY_PHASE_STRIP = NO;
				DEBUG_INFORMATION_FORMAT = "dwarf-with-dsym";
				ENABLE_NS_ASSERTIONS = NO;
				ENABLE_STRICT_OBJC_MSGSEND = YES;
				GCC_C_LANGUAGE_STANDARD = gnu11;
				GCC_NO_COMMON_BLOCKS = YES;
				GCC_WARN_64_TO_32_BIT_CONVERSION = YES;
				GCC_WARN_ABOUT_RETURN_TYPE = YES_ERROR;
				GCC_WARN_UNDECLARED_SELECTOR = YES;
				GCC_WARN_UNINITIALIZED_AUTOS = YES_AGGRESSIVE;
				GCC_WARN_UNUSED_FUNCTION = YES;
				GCC_WARN_UNUSED_VARIABLE = YES;
				IPHONEOS_DEPLOYMENT_TARGET = 11.2;
				MTL_ENABLE_DEBUG_INFO = NO;
				SDKROOT = iphoneos;
				SWIFT_OPTIMIZATION_LEVEL = "-Owholemodule";
				VALIDATE_PRODUCT = YES;
			};
			name = Release;
		};
		8E1B550F2073422F004CAA06 /* Debug */ = {
			isa = XCBuildConfiguration;
			buildSettings = {
				ASSETCATALOG_COMPILER_APPICON_NAME = AppIcon;
				CODE_SIGN_STYLE = Automatic;
				INFOPLIST_FILE = TodoSample/Info.plist;
				LD_RUNPATH_SEARCH_PATHS = "$(inherited) @executable_path/Frameworks";
				PRODUCT_BUNDLE_IDENTIFIER = jp.ti.TodoSample;
				PRODUCT_NAME = "$(TARGET_NAME)";
				SWIFT_VERSION = 4.0;
				TARGETED_DEVICE_FAMILY = "1,2";
			};
			name = Debug;
		};
		8E1B55102073422F004CAA06 /* Release */ = {
			isa = XCBuildConfiguration;
			buildSettings = {
				ASSETCATALOG_COMPILER_APPICON_NAME = AppIcon;
				CODE_SIGN_STYLE = Automatic;
				INFOPLIST_FILE = TodoSample/Info.plist;
				LD_RUNPATH_SEARCH_PATHS = "$(inherited) @executable_path/Frameworks";
				PRODUCT_BUNDLE_IDENTIFIER = jp.ti.TodoSample;
				PRODUCT_NAME = "$(TARGET_NAME)";
				SWIFT_VERSION = 4.0;
				TARGETED_DEVICE_FAMILY = "1,2";
			};
			name = Release;
		};
		8E1B55122073422F004CAA06 /* Debug */ = {
			isa = XCBuildConfiguration;
			buildSettings = {
				ALWAYS_EMBED_SWIFT_STANDARD_LIBRARIES = YES;
				BUNDLE_LOADER = "$(TEST_HOST)";
				CODE_SIGN_STYLE = Automatic;
				INFOPLIST_FILE = TodoSampleTests/Info.plist;
				LD_RUNPATH_SEARCH_PATHS = "$(inherited) @executable_path/Frameworks @loader_path/Frameworks";
				PRODUCT_BUNDLE_IDENTIFIER = jp.ti.TodoSampleTests;
				PRODUCT_NAME = "$(TARGET_NAME)";
				SWIFT_VERSION = 4.0;
				TARGETED_DEVICE_FAMILY = "1,2";
				TEST_HOST = "$(BUILT_PRODUCTS_DIR)/TodoSample.app/TodoSample";
			};
			name = Debug;
		};
		8E1B55132073422F004CAA06 /* Release */ = {
			isa = XCBuildConfiguration;
			buildSettings = {
				ALWAYS_EMBED_SWIFT_STANDARD_LIBRARIES = YES;
				BUNDLE_LOADER = "$(TEST_HOST)";
				CODE_SIGN_STYLE = Automatic;
				INFOPLIST_FILE = TodoSampleTests/Info.plist;
				LD_RUNPATH_SEARCH_PATHS = "$(inherited) @executable_path/Frameworks @loader_path/Frameworks";
				PRODUCT_BUNDLE_IDENTIFIER = jp.ti.TodoSampleTests;
				PRODUCT_NAME = "$(TARGET_NAME)";
				SWIFT_VERSION = 4.0;
				TARGETED_DEVICE_FAMILY = "1,2";
				TEST_HOST = "$(BUILT_PRODUCTS_DIR)/TodoSample.app/TodoSample";
			};
			name = Release;
		};
/* End XCBuildConfiguration section */

/* Begin XCConfigurationList section */
		8E1B54EC2073422E004CAA06 /* Build configuration list for PBXProject "TodoSample" */ = {
			isa = XCConfigurationList;
			buildConfigurations = (
				8E1B550C2073422F004CAA06 /* Debug */,
				8E1B550D2073422F004CAA06 /* Release */,
			);
			defaultConfigurationIsVisible = 0;
			defaultConfigurationName = Release;
		};
		8E1B550E2073422F004CAA06 /* Build configuration list for PBXNativeTarget "TodoSample" */ = {
			isa = XCConfigurationList;
			buildConfigurations = (
				8E1B550F2073422F004CAA06 /* Debug */,
				8E1B55102073422F004CAA06 /* Release */,
			);
			defaultConfigurationIsVisible = 0;
			defaultConfigurationName = Release;
		};
		8E1B55112073422F004CAA06 /* Build configuration list for PBXNativeTarget "TodoSampleTests" */ = {
			isa = XCConfigurationList;
			buildConfigurations = (
				8E1B55122073422F004CAA06 /* Debug */,
				8E1B55132073422F004CAA06 /* Release */,
			);
			defaultConfigurationIsVisible = 0;
			defaultConfigurationName = Release;
		};
/* End XCConfigurationList section */
	};
	rootObject = 8E1B54E92073422E004CAA06 /* Project object */;
}
